
Microsoft Visual Studio Solution File, Format Version 12.00
# Visual Studio Version 17
VisualStudioVersion = 17.10.35027.167
MinimumVisualStudioVersion = 10.0.40219.1
Project("{FAE04EC0-301F-11D3-BF4B-00C04F79EFBC}") = "BIDVAutoVS2022", "BIDVAutoVS2022.csproj", "{A063099E-FCE5-485D-BA72-D8559EF40928}"
EndProject
Global
	GlobalSection(SolutionConfigurationPlatforms) = preSolution
		Debug|Any CPU = Debug|Any CPU
		Release|Any CPU = Release|Any CPU
	EndGlobalSection
	GlobalSection(ProjectConfigurationPlatforms) = postSolution
		{A063099E-FCE5-485D-BA72-D8559EF40928}.Debug|Any CPU.ActiveCfg = Debug|Any CPU
		{A063099E-FCE5-485D-BA72-D8559EF40928}.Debug|Any CPU.Build.0 = Debug|Any CPU
		{A063099E-FCE5-485D-BA72-D8559EF40928}.Release|Any CPU.ActiveCfg = Release|Any CPU
		{A063099E-FCE5-485D-BA72-D8559EF40928}.Release|Any CPU.Build.0 = Release|Any CPU
	EndGlobalSection
	GlobalSection(SolutionProperties) = preSolution
		HideSolutionNode = FALSE
	EndGlobalSection
	GlobalSection(ExtensibilityGlobals) = postSolution
		SolutionGuid = {C32F5566-2672-4941-B233-9AD5DFECB6D7}
	EndGlobalSection
EndGlobal
